// !$*UTF8*$!
{
	archiveVersion = 1;
	classes = {
	};
	objectVersion = 50;
	objects = {

/* Begin PBXFileReference section */
		2A2591ED2741B542001CE4F1 /* Atmega328-US100 */ = {isa = PBXFileReference; lastKnownFileType = folder; path = "Atmega328-US100"; sourceTree = "<group>"; };
		2A2591EE2741C4FA001CE4F1 /* ESP8266-US100 */ = {isa = PBXFileReference; lastKnownFileType = folder; path = "ESP8266-US100"; sourceTree = "<group>"; };
		2A285AF12780C3B600B07269 /* ESP8266-RSSI-Test */ = {isa = PBXFileReference; lastKnownFileType = folder; path = "ESP8266-RSSI-Test"; sourceTree = "<group>"; };
		2A285AF22780E2B200B07269 /* ESP-RangeExtender */ = {isa = PBXFileReference; lastKnownFileType = folder; path = "ESP-RangeExtender"; sourceTree = "<group>"; };
		2A285AF32783D7E800B07269 /* ESP-NOW-to-WiFi */ = {isa = PBXFileReference; lastKnownFileType = folder; path = "ESP-NOW-to-WiFi"; sourceTree = "<group>"; };
		2A578569279BEE73003E13EF /* checkandsend.sh */ = {isa = PBXFileReference; lastKnownFileType = text.script.sh; path = checkandsend.sh; sourceTree = "<group>"; };
		2A5A58C521EC10C0001653D3 /* sensorsettings */ = {isa = PBXFileReference; lastKnownFileType = text; path = sensorsettings; sourceTree = "<group>"; };
		2A5A58C621EC10C0001653D3 /* ADCcalibrationbakup */ = {isa = PBXFileReference; lastKnownFileType = text; path = ADCcalibrationbakup; sourceTree = "<group>"; };
		2A5A58C721EC10C0001653D3 /* tcpserver-test.py */ = {isa = PBXFileReference; lastKnownFileType = text.script.python; path = "tcpserver-test.py"; sourceTree = "<group>"; };
		2A5A58C821EC10C0001653D3 /* sensordata */ = {isa = PBXFileReference; lastKnownFileType = text; path = sensordata; sourceTree = "<group>"; };
		2A5A58C921EC10C0001653D3 /* adctest */ = {isa = PBXFileReference; lastKnownFileType = folder; path = adctest; sourceTree = "<group>"; };
		2A5A58CA21EC10C0001653D3 /* errorlog */ = {isa = PBXFileReference; lastKnownFileType = text; path = errorlog; sourceTree = "<group>"; };
		2A5A58CB21EC10C0001653D3 /* ESP-conn-test.py */ = {isa = PBXFileReference; lastKnownFileType = text.script.python; path = "ESP-conn-test.py"; sourceTree = "<group>"; };
		2A5A58CC21EC10C1001653D3 /* Adccalibration */ = {isa = PBXFileReference; lastKnownFileType = text; path = Adccalibration; sourceTree = "<group>"; };
		2A5A58CD21EC10C1001653D3 /* sensorsettingsbakup */ = {isa = PBXFileReference; lastKnownFileType = text; path = sensorsettingsbakup; sourceTree = "<group>"; };
		2A62712A21E1990B00930500 /* sensor-server.py */ = {isa = PBXFileReference; lastKnownFileType = text.script.python; path = "sensor-server.py"; sourceTree = "<group>"; };
		2A62713321E933C900930500 /* ESP8266-HCSR04.ino */ = {isa = PBXFileReference; lastKnownFileType = text; path = "ESP8266-HCSR04.ino"; sourceTree = "<group>"; };
		2A62713421E934CD00930500 /* sensor.html */ = {isa = PBXFileReference; lastKnownFileType = text.html; path = sensor.html; sourceTree = "<group>"; };
		2A62713521E934F600930500 /* plotly.js */ = {isa = PBXFileReference; lastKnownFileType = sourcecode.javascript; path = plotly.js; sourceTree = "<group>"; };
		2A6E1517277FAB2B00923F56 /* ESP8266-US100-ESPNOW.ino */ = {isa = PBXFileReference; lastKnownFileType = text; name = "ESP8266-US100-ESPNOW.ino"; path = "ESP8266-US100-ESPNOW/ESP8266-US100-ESPNOW.ino"; sourceTree = "<group>"; };
/* End PBXFileReference section */

/* Begin PBXGroup section */
		2A62712221E1985200930500 = {
			isa = PBXGroup;
			children = (
				2A578569279BEE73003E13EF /* checkandsend.sh */,
				2A285AF32783D7E800B07269 /* ESP-NOW-to-WiFi */,
				2A285AF22780E2B200B07269 /* ESP-RangeExtender */,
				2A285AF12780C3B600B07269 /* ESP8266-RSSI-Test */,
				2A6E1517277FAB2B00923F56 /* ESP8266-US100-ESPNOW.ino */,
				2A2591EE2741C4FA001CE4F1 /* ESP8266-US100 */,
				2A2591ED2741B542001CE4F1 /* Atmega328-US100 */,
				2A5A58CC21EC10C1001653D3 /* Adccalibration */,
				2A5A58C621EC10C0001653D3 /* ADCcalibrationbakup */,
				2A5A58C921EC10C0001653D3 /* adctest */,
				2A5A58CA21EC10C0001653D3 /* errorlog */,
				2A5A58CB21EC10C0001653D3 /* ESP-conn-test.py */,
				2A5A58C821EC10C0001653D3 /* sensordata */,
				2A5A58C521EC10C0001653D3 /* sensorsettings */,
				2A5A58CD21EC10C1001653D3 /* sensorsettingsbakup */,
				2A5A58C721EC10C0001653D3 /* tcpserver-test.py */,
				2A62713521E934F600930500 /* plotly.js */,
				2A62713421E934CD00930500 /* sensor.html */,
				2A62713621E9367100930500 /* ESP8266-HCSR04 */,
				2A62712A21E1990B00930500 /* sensor-server.py */,
			);
			sourceTree = "<group>";
		};
		2A62713621E9367100930500 /* ESP8266-HCSR04 */ = {
			isa = PBXGroup;
			children = (
				2A62713321E933C900930500 /* ESP8266-HCSR04.ino */,
			);
			path = "ESP8266-HCSR04";
			sourceTree = "<group>";
		};
/* End PBXGroup section */

/* Begin PBXProject section */
		2A62712321E1985200930500 /* Project object */ = {
			isa = PBXProject;
			attributes = {
				LastUpgradeCheck = 1000;
			};
			buildConfigurationList = 2A62712621E1985200930500 /* Build configuration list for PBXProject "sensor-server" */;
			compatibilityVersion = "Xcode 9.3";
			developmentRegion = en;
			hasScannedForEncodings = 0;
			knownRegions = (
				en,
			);
			mainGroup = 2A62712221E1985200930500;
			projectDirPath = "";
			projectRoot = "";
			targets = (
			);
		};
/* End PBXProject section */

/* Begin XCBuildConfiguration section */
		2A62712721E1985200930500 /* Debug */ = {
			isa = XCBuildConfiguration;
			buildSettings = {
			};
			name = Debug;
		};
		2A62712821E1985200930500 /* Release */ = {
			isa = XCBuildConfiguration;
			buildSettings = {
			};
			name = Release;
		};
/* End XCBuildConfiguration section */

/* Begin XCConfigurationList section */
		2A62712621E1985200930500 /* Build configuration list for PBXProject "sensor-server" */ = {
			isa = XCConfigurationList;
			buildConfigurations = (
				2A62712721E1985200930500 /* Debug */,
				2A62712821E1985200930500 /* Release */,
			);
			defaultConfigurationIsVisible = 0;
			defaultConfigurationName = Release;
		};
/* End XCConfigurationList section */
	};
	rootObject = 2A62712321E1985200930500 /* Project object */;
}
