// !$*UTF8*$!
{
	archiveVersion = 1;
	classes = {
	};
	objectVersion = 50;
	objects = {

/* Begin PBXFileReference section */
		2A1452AF27A7892E00266B9A /* plot.html */ = {isa = PBXFileReference; lastKnownFileType = text.html; path = plot.html; sourceTree = "<group>"; };
		2A1452B027A78A6400266B9A /* myplotly.js */ = {isa = PBXFileReference; lastKnownFileType = sourcecode.javascript; path = myplotly.js; sourceTree = "<group>"; };
		2A2591ED2741B542001CE4F1 /* Atmega328-US100 */ = {isa = PBXFileReference; lastKnownFileType = folder; path = "Atmega328-US100"; sourceTree = "<group>"; };
		2A2591EE2741C4FA001CE4F1 /* ESP8266-US100 */ = {isa = PBXFileReference; lastKnownFileType = folder; path = "ESP8266-US100"; sourceTree = "<group>"; };
		2A285AF12780C3B600B07269 /* ESP8266-RSSI-Test */ = {isa = PBXFileReference; lastKnownFileType = folder; path = "ESP8266-RSSI-Test"; sourceTree = "<group>"; };
		2A285AF22780E2B200B07269 /* ESP-RangeExtender */ = {isa = PBXFileReference; lastKnownFileType = folder; path = "ESP-RangeExtender"; sourceTree = "<group>"; };
		2A285AF32783D7E800B07269 /* ESP-NOW-to-WiFi */ = {isa = PBXFileReference; lastKnownFileType = folder; path = "ESP-NOW-to-WiFi"; sourceTree = "<group>"; };
		2A4319392D1F4A960033D160 /* piESPNow.ino */ = {isa = PBXFileReference; lastKnownFileType = text; name = piESPNow.ino; path = piESPNow/piESPNow.ino; sourceTree = "<group>"; };
		2A43193A2D1F50940033D160 /* ESP32PLCHub.ino */ = {isa = PBXFileReference; lastKnownFileType = text; name = ESP32PLCHub.ino; path = ESP32PLCHub/ESP32PLCHub.ino; sourceTree = "<group>"; };
		2A43193B2D21103D0033D160 /* testACK.py */ = {isa = PBXFileReference; lastKnownFileType = text.script.python; path = testACK.py; sourceTree = "<group>"; };
		2A43193C2D34BDA10033D160 /* linux-ESPNOW-send.c */ = {isa = PBXFileReference; lastKnownFileType = sourcecode.c.c; path = "linux-ESPNOW-send.c"; sourceTree = "<group>"; };
		2A43193D2D34C08F0033D160 /* linux-ESPNOW-recv.c */ = {isa = PBXFileReference; lastKnownFileType = sourcecode.c.c; path = "linux-ESPNOW-recv.c"; sourceTree = "<group>"; };
		2A43193E2D3D77A40033D160 /* brcmfmac43430-sdio.bin */ = {isa = PBXFileReference; lastKnownFileType = archive.macbinary; path = "brcmfmac43430-sdio.bin"; sourceTree = "<group>"; };
		2A43193F2D3D77A40033D160 /* brcmfmac.ko */ = {isa = PBXFileReference; lastKnownFileType = file; path = brcmfmac.ko; sourceTree = "<group>"; };
		2A4319402D3DCC030033D160 /* linux-ESPNOW-sendACK.c */ = {isa = PBXFileReference; lastKnownFileType = sourcecode.c.c; path = "linux-ESPNOW-sendACK.c"; sourceTree = "<group>"; };
		2A4319412D3EC9770033D160 /* ESPNOWSendRecvUnix.c */ = {isa = PBXFileReference; lastKnownFileType = sourcecode.c.c; path = ESPNOWSendRecvUnix.c; sourceTree = "<group>"; };
		2A4319422D4768EF0033D160 /* Atmega328-US100-LoRa.ino */ = {isa = PBXFileReference; lastKnownFileType = text; name = "Atmega328-US100-LoRa.ino"; path = "Atmega328-US100-LoRa/Atmega328-US100-LoRa.ino"; sourceTree = "<group>"; };
		2A4319442D476E010033D160 /* src */ = {isa = PBXFileReference; lastKnownFileType = folder; path = src; sourceTree = "<group>"; };
		2A4319452D476E2E0033D160 /* examples */ = {isa = PBXFileReference; lastKnownFileType = folder; path = examples; sourceTree = "<group>"; };
		2A4319462D51E5FA0033D160 /* mysendrecv.o */ = {isa = PBXFileReference; lastKnownFileType = "compiled.mach-o.objfile"; path = mysendrecv.o; sourceTree = "<group>"; };
		2A4319472D51E5FA0033D160 /* LoRaReceiver */ = {isa = PBXFileReference; lastKnownFileType = file; path = LoRaReceiver; sourceTree = "<group>"; };
		2A578569279BEE73003E13EF /* checkandsend.sh */ = {isa = PBXFileReference; lastKnownFileType = text.script.sh; path = checkandsend.sh; sourceTree = "<group>"; };
		2A5A58C521EC10C0001653D3 /* sensorsettings */ = {isa = PBXFileReference; lastKnownFileType = text; path = sensorsettings; sourceTree = "<group>"; };
		2A5A58C621EC10C0001653D3 /* ADCcalibrationbakup */ = {isa = PBXFileReference; lastKnownFileType = text; path = ADCcalibrationbakup; sourceTree = "<group>"; };
		2A5A58C721EC10C0001653D3 /* tcpserver-test.py */ = {isa = PBXFileReference; lastKnownFileType = text.script.python; path = "tcpserver-test.py"; sourceTree = "<group>"; };
		2A5A58C821EC10C0001653D3 /* sensordata */ = {isa = PBXFileReference; lastKnownFileType = text; path = sensordata; sourceTree = "<group>"; };
		2A5A58C921EC10C0001653D3 /* adctest */ = {isa = PBXFileReference; lastKnownFileType = folder; path = adctest; sourceTree = "<group>"; };
		2A5A58CA21EC10C0001653D3 /* errorlog */ = {isa = PBXFileReference; lastKnownFileType = text; path = errorlog; sourceTree = "<group>"; };
		2A5A58CB21EC10C0001653D3 /* ESP-conn-test.py */ = {isa = PBXFileReference; lastKnownFileType = text.script.python; path = "ESP-conn-test.py"; sourceTree = "<group>"; };
		2A5A58CC21EC10C1001653D3 /* Adccalibration */ = {isa = PBXFileReference; lastKnownFileType = text; path = Adccalibration; sourceTree = "<group>"; };
		2A5A58CD21EC10C1001653D3 /* sensorsettingsbakup */ = {isa = PBXFileReference; lastKnownFileType = text; path = sensorsettingsbakup; sourceTree = "<group>"; };
		2A62712A21E1990B00930500 /* sensor-server.py */ = {isa = PBXFileReference; lastKnownFileType = text.script.python; path = "sensor-server.py"; sourceTree = "<group>"; };
		2A62713321E933C900930500 /* ESP8266-HCSR04.ino */ = {isa = PBXFileReference; lastKnownFileType = text; path = "ESP8266-HCSR04.ino"; sourceTree = "<group>"; };
		2A62713421E934CD00930500 /* sensor.html */ = {isa = PBXFileReference; lastKnownFileType = text.html; path = sensor.html; sourceTree = "<group>"; };
		2A62713521E934F600930500 /* plotly.js */ = {isa = PBXFileReference; lastKnownFileType = sourcecode.javascript; path = plotly.js; sourceTree = "<group>"; };
		2A6E1517277FAB2B00923F56 /* ESP8266-US100-ESPNOW.ino */ = {isa = PBXFileReference; lastKnownFileType = text; name = "ESP8266-US100-ESPNOW.ino"; path = "ESP8266-US100-ESPNOW/ESP8266-US100-ESPNOW.ino"; sourceTree = "<group>"; };
/* End PBXFileReference section */

/* Begin PBXGroup section */
		2A62712221E1985200930500 = {
			isa = PBXGroup;
			children = (
				2A4319472D51E5FA0033D160 /* LoRaReceiver */,
				2A4319462D51E5FA0033D160 /* mysendrecv.o */,
				2A4319452D476E2E0033D160 /* examples */,
				2A4319442D476E010033D160 /* src */,
				2A4319422D4768EF0033D160 /* Atmega328-US100-LoRa.ino */,
				2A43193F2D3D77A40033D160 /* brcmfmac.ko */,
				2A43193E2D3D77A40033D160 /* brcmfmac43430-sdio.bin */,
				2A43193D2D34C08F0033D160 /* linux-ESPNOW-recv.c */,
				2A4319392D1F4A960033D160 /* piESPNow.ino */,
				2A4319412D3EC9770033D160 /* ESPNOWSendRecvUnix.c */,
				2A43193A2D1F50940033D160 /* ESP32PLCHub.ino */,
				2A43193B2D21103D0033D160 /* testACK.py */,
				2A1452B027A78A6400266B9A /* myplotly.js */,
				2A1452AF27A7892E00266B9A /* plot.html */,
				2A578569279BEE73003E13EF /* checkandsend.sh */,
				2A285AF32783D7E800B07269 /* ESP-NOW-to-WiFi */,
				2A285AF22780E2B200B07269 /* ESP-RangeExtender */,
				2A285AF12780C3B600B07269 /* ESP8266-RSSI-Test */,
				2A6E1517277FAB2B00923F56 /* ESP8266-US100-ESPNOW.ino */,
				2A2591EE2741C4FA001CE4F1 /* ESP8266-US100 */,
				2A2591ED2741B542001CE4F1 /* Atmega328-US100 */,
				2A5A58CC21EC10C1001653D3 /* Adccalibration */,
				2A5A58C621EC10C0001653D3 /* ADCcalibrationbakup */,
				2A5A58C921EC10C0001653D3 /* adctest */,
				2A5A58CA21EC10C0001653D3 /* errorlog */,
				2A5A58CB21EC10C0001653D3 /* ESP-conn-test.py */,
				2A5A58C821EC10C0001653D3 /* sensordata */,
				2A5A58C521EC10C0001653D3 /* sensorsettings */,
				2A5A58CD21EC10C1001653D3 /* sensorsettingsbakup */,
				2A5A58C721EC10C0001653D3 /* tcpserver-test.py */,
				2A62713521E934F600930500 /* plotly.js */,
				2A62713421E934CD00930500 /* sensor.html */,
				2A62713621E9367100930500 /* ESP8266-HCSR04 */,
				2A62712A21E1990B00930500 /* sensor-server.py */,
				2A43193C2D34BDA10033D160 /* linux-ESPNOW-send.c */,
				2A4319402D3DCC030033D160 /* linux-ESPNOW-sendACK.c */,
			);
			sourceTree = "<group>";
		};
		2A62713621E9367100930500 /* ESP8266-HCSR04 */ = {
			isa = PBXGroup;
			children = (
				2A62713321E933C900930500 /* ESP8266-HCSR04.ino */,
			);
			path = "ESP8266-HCSR04";
			sourceTree = "<group>";
		};
/* End PBXGroup section */

/* Begin PBXProject section */
		2A62712321E1985200930500 /* Project object */ = {
			isa = PBXProject;
			attributes = {
				LastUpgradeCheck = 1010;
			};
			buildConfigurationList = 2A62712621E1985200930500 /* Build configuration list for PBXProject "sensor-server" */;
			compatibilityVersion = "Xcode 9.3";
			developmentRegion = en;
			hasScannedForEncodings = 0;
			knownRegions = (
				en,
			);
			mainGroup = 2A62712221E1985200930500;
			projectDirPath = "";
			projectRoot = "";
			targets = (
			);
		};
/* End PBXProject section */

/* Begin XCBuildConfiguration section */
		2A62712721E1985200930500 /* Debug */ = {
			isa = XCBuildConfiguration;
			buildSettings = {
			};
			name = Debug;
		};
		2A62712821E1985200930500 /* Release */ = {
			isa = XCBuildConfiguration;
			buildSettings = {
			};
			name = Release;
		};
/* End XCBuildConfiguration section */

/* Begin XCConfigurationList section */
		2A62712621E1985200930500 /* Build configuration list for PBXProject "sensor-server" */ = {
			isa = XCConfigurationList;
			buildConfigurations = (
				2A62712721E1985200930500 /* Debug */,
				2A62712821E1985200930500 /* Release */,
			);
			defaultConfigurationIsVisible = 0;
			defaultConfigurationName = Release;
		};
/* End XCConfigurationList section */
	};
	rootObject = 2A62712321E1985200930500 /* Project object */;
}
